
Microsoft Visual Studio Solution File, Format Version 12.00
# Visual Studio Version 17
VisualStudioVersion = 17.1.32210.238
MinimumVisualStudioVersion = 10.0.40219.1
Project("{FAE04EC0-301F-11D3-BF4B-00C04F79EFBC}") = "A9", "A9\A9.csproj", "{AFF9559F-D1D0-4F9A-A390-F166B8849816}"
EndProject
Global
	GlobalSection(SolutionConfigurationPlatforms) = preSolution
		Debug|Any CPU = Debug|Any CPU
		Release|Any CPU = Release|Any CPU
	EndGlobalSection
	GlobalSection(ProjectConfigurationPlatforms) = postSolution
		{AFF9559F-D1D0-4F9A-A390-F166B8849816}.Debug|Any CPU.ActiveCfg = Debug|Any CPU
		{AFF9559F-D1D0-4F9A-A390-F166B8849816}.Debug|Any CPU.Build.0 = Debug|Any CPU
		{AFF9559F-D1D0-4F9A-A390-F166B8849816}.Release|Any CPU.ActiveCfg = Release|Any CPU
		{AFF9559F-D1D0-4F9A-A390-F166B8849816}.Release|Any CPU.Build.0 = Release|Any CPU
	EndGlobalSection
	GlobalSection(SolutionProperties) = preSolution
		HideSolutionNode = FALSE
	EndGlobalSection
	GlobalSection(ExtensibilityGlobals) = postSolution
		SolutionGuid = {ED941F13-2059-4D60-A20C-51706D8DEF02}
	EndGlobalSection
EndGlobal
